
Microsoft Visual Studio Solution File, Format Version 12.00
# Visual Studio Version 17
VisualStudioVersion = 17.7.34031.279
MinimumVisualStudioVersion = 10.0.40219.1
Project("{8BC9CEB8-8B4A-11D0-8D11-00A0C91BC942}") = "ConsoleApplication1", "ConsoleApplication1\ConsoleApplication1.vcxproj", "{C9AE08FD-ECD3-4CFF-8E99-E3688B00E53B}"
EndProject
Project("{8BC9CEB8-8B4A-11D0-8D11-00A0C91BC942}") = "UnitTest1", "UnitTest1\UnitTest1.vcxproj", "{5260C55F-DF6E-429A-B585-05D76ACF2A48}"
EndProject
Global
	GlobalSection(SolutionConfigurationPlatforms) = preSolution
		Debug|x64 = Debug|x64
		Debug|x86 = Debug|x86
		Release|x64 = Release|x64
		Release|x86 = Release|x86
	EndGlobalSection
	GlobalSection(ProjectConfigurationPlatforms) = postSolution
		{C9AE08FD-ECD3-4CFF-8E99-E3688B00E53B}.Debug|x64.ActiveCfg = Debug|x64
		{C9AE08FD-ECD3-4CFF-8E99-E3688B00E53B}.Debug|x64.Build.0 = Debug|x64
		{C9AE08FD-ECD3-4CFF-8E99-E3688B00E53B}.Debug|x86.ActiveCfg = Debug|Win32
		{C9AE08FD-ECD3-4CFF-8E99-E3688B00E53B}.Debug|x86.Build.0 = Debug|Win32
		{C9AE08FD-ECD3-4CFF-8E99-E3688B00E53B}.Release|x64.ActiveCfg = Release|x64
		{C9AE08FD-ECD3-4CFF-8E99-E3688B00E53B}.Release|x64.Build.0 = Release|x64
		{C9AE08FD-ECD3-4CFF-8E99-E3688B00E53B}.Release|x86.ActiveCfg = Release|Win32
		{C9AE08FD-ECD3-4CFF-8E99-E3688B00E53B}.Release|x86.Build.0 = Release|Win32
		{5260C55F-DF6E-429A-B585-05D76ACF2A48}.Debug|x64.ActiveCfg = Debug|x64
		{5260C55F-DF6E-429A-B585-05D76ACF2A48}.Debug|x64.Build.0 = Debug|x64
		{5260C55F-DF6E-429A-B585-05D76ACF2A48}.Debug|x86.ActiveCfg = Debug|Win32
		{5260C55F-DF6E-429A-B585-05D76ACF2A48}.Debug|x86.Build.0 = Debug|Win32
		{5260C55F-DF6E-429A-B585-05D76ACF2A48}.Release|x64.ActiveCfg = Release|x64
		{5260C55F-DF6E-429A-B585-05D76ACF2A48}.Release|x64.Build.0 = Release|x64
		{5260C55F-DF6E-429A-B585-05D76ACF2A48}.Release|x86.ActiveCfg = Release|Win32
		{5260C55F-DF6E-429A-B585-05D76ACF2A48}.Release|x86.Build.0 = Release|Win32
	EndGlobalSection
	GlobalSection(SolutionProperties) = preSolution
		HideSolutionNode = FALSE
	EndGlobalSection
	GlobalSection(ExtensibilityGlobals) = postSolution
		SolutionGuid = {BBE5E1FF-5479-4CD5-9058-FD58DCE6CB20}
	EndGlobalSection
EndGlobal
